// !$*UTF8*$!
{
	archiveVersion = 1;
	classes = {
	};
	objectVersion = 46;
	objects = {

/* Begin PBXBuildFile section */
		65DAF605BFCDDDEC53927469 /* Pods.framework in Frameworks */ = {isa = PBXBuildFile; fileRef = 92710363BE8F07AF96B37DD0 /* Pods.framework */; };
		A6B703791D4A49C200F754AD /* AppDelegate.swift in Sources */ = {isa = PBXBuildFile; fileRef = A6B703781D4A49C200F754AD /* AppDelegate.swift */; };
		A6B7037B1D4A49C200F754AD /* ViewController.swift in Sources */ = {isa = PBXBuildFile; fileRef = A6B7037A1D4A49C200F754AD /* ViewController.swift */; };
		A6B7037E1D4A49C200F754AD /* Main.storyboard in Resources */ = {isa = PBXBuildFile; fileRef = A6B7037C1D4A49C200F754AD /* Main.storyboard */; };
		A6B703801D4A49C200F754AD /* Assets.xcassets in Resources */ = {isa = PBXBuildFile; fileRef = A6B7037F1D4A49C200F754AD /* Assets.xcassets */; };
		A6B703831D4A49C200F754AD /* LaunchScreen.storyboard in Resources */ = {isa = PBXBuildFile; fileRef = A6B703811D4A49C200F754AD /* LaunchScreen.storyboard */; };
		A6B7038B1D4A4CD000F754AD /* toDoNameCell.swift in Sources */ = {isa = PBXBuildFile; fileRef = A6B7038A1D4A4CD000F754AD /* toDoNameCell.swift */; };
		A6B7038D1D4A557400F754AD /* Task.swift in Sources */ = {isa = PBXBuildFile; fileRef = A6B7038C1D4A557400F754AD /* Task.swift */; };
		A6B7038F1D4A574900F754AD /* Pods.framework in Frameworks */ = {isa = PBXBuildFile; fileRef = A6B7038E1D4A574900F754AD /* Pods.framework */; };
		A6B703901D4A574900F754AD /* Pods.framework in Embed Frameworks */ = {isa = PBXBuildFile; fileRef = A6B7038E1D4A574900F754AD /* Pods.framework */; settings = {ATTRIBUTES = (CodeSignOnCopy, RemoveHeadersOnCopy, ); }; };
		A6B703921D4A574A00F754AD /* Realm.framework in Frameworks */ = {isa = PBXBuildFile; fileRef = A6B703911D4A574A00F754AD /* Realm.framework */; };
		A6B703931D4A574A00F754AD /* Realm.framework in Embed Frameworks */ = {isa = PBXBuildFile; fileRef = A6B703911D4A574A00F754AD /* Realm.framework */; settings = {ATTRIBUTES = (CodeSignOnCopy, RemoveHeadersOnCopy, ); }; };
		A6B703951D4A574A00F754AD /* RealmSwift.framework in Frameworks */ = {isa = PBXBuildFile; fileRef = A6B703941D4A574A00F754AD /* RealmSwift.framework */; };
		A6B703961D4A574A00F754AD /* RealmSwift.framework in Embed Frameworks */ = {isa = PBXBuildFile; fileRef = A6B703941D4A574A00F754AD /* RealmSwift.framework */; settings = {ATTRIBUTES = (CodeSignOnCopy, RemoveHeadersOnCopy, ); }; };
/* End PBXBuildFile section */

/* Begin PBXCopyFilesBuildPhase section */
		A6B703971D4A574A00F754AD /* Embed Frameworks */ = {
			isa = PBXCopyFilesBuildPhase;
			buildActionMask = 2147483647;
			dstPath = "";
			dstSubfolderSpec = 10;
			files = (
				A6B703931D4A574A00F754AD /* Realm.framework in Embed Frameworks */,
				A6B703901D4A574900F754AD /* Pods.framework in Embed Frameworks */,
				A6B703961D4A574A00F754AD /* RealmSwift.framework in Embed Frameworks */,
			);
			name = "Embed Frameworks";
			runOnlyForDeploymentPostprocessing = 0;
		};
/* End PBXCopyFilesBuildPhase section */

/* Begin PBXFileReference section */
		806E8738320D5C36FAEBB232 /* Pods.debug.xcconfig */ = {isa = PBXFileReference; includeInIndex = 1; lastKnownFileType = text.xcconfig; name = Pods.debug.xcconfig; path = "Pods/Target Support Files/Pods/Pods.debug.xcconfig"; sourceTree = "<group>"; };
		92710363BE8F07AF96B37DD0 /* Pods.framework */ = {isa = PBXFileReference; explicitFileType = wrapper.framework; includeInIndex = 0; path = Pods.framework; sourceTree = BUILT_PRODUCTS_DIR; };
		A6B703751D4A49C200F754AD /* ToDoList.app */ = {isa = PBXFileReference; explicitFileType = wrapper.application; includeInIndex = 0; path = ToDoList.app; sourceTree = BUILT_PRODUCTS_DIR; };
		A6B703781D4A49C200F754AD /* AppDelegate.swift */ = {isa = PBXFileReference; lastKnownFileType = sourcecode.swift; path = AppDelegate.swift; sourceTree = "<group>"; };
		A6B7037A1D4A49C200F754AD /* ViewController.swift */ = {isa = PBXFileReference; lastKnownFileType = sourcecode.swift; path = ViewController.swift; sourceTree = "<group>"; };
		A6B7037D1D4A49C200F754AD /* Base */ = {isa = PBXFileReference; lastKnownFileType = file.storyboard; name = Base; path = Base.lproj/Main.storyboard; sourceTree = "<group>"; };
		A6B7037F1D4A49C200F754AD /* Assets.xcassets */ = {isa = PBXFileReference; lastKnownFileType = folder.assetcatalog; path = Assets.xcassets; sourceTree = "<group>"; };
		A6B703821D4A49C200F754AD /* Base */ = {isa = PBXFileReference; lastKnownFileType = file.storyboard; name = Base; path = Base.lproj/LaunchScreen.storyboard; sourceTree = "<group>"; };
		A6B703841D4A49C200F754AD /* Info.plist */ = {isa = PBXFileReference; lastKnownFileType = text.plist.xml; path = Info.plist; sourceTree = "<group>"; };
		A6B7038A1D4A4CD000F754AD /* toDoNameCell.swift */ = {isa = PBXFileReference; fileEncoding = 4; lastKnownFileType = sourcecode.swift; path = toDoNameCell.swift; sourceTree = "<group>"; };
		A6B7038C1D4A557400F754AD /* Task.swift */ = {isa = PBXFileReference; fileEncoding = 4; lastKnownFileType = sourcecode.swift; path = Task.swift; sourceTree = "<group>"; };
		A6B7038E1D4A574900F754AD /* Pods.framework */ = {isa = PBXFileReference; explicitFileType = wrapper.framework; name = Pods.framework; path = "/Users/lukaszmatuszczak/Library/Developer/Xcode/DerivedData/ToDoList-agkasximuxiegefbbegpoeozhkiq/Build/Products/Debug-iphonesimulator/Pods.framework"; sourceTree = "<absolute>"; };
		A6B703911D4A574A00F754AD /* Realm.framework */ = {isa = PBXFileReference; explicitFileType = wrapper.framework; name = Realm.framework; path = "/Users/lukaszmatuszczak/Library/Developer/Xcode/DerivedData/ToDoList-agkasximuxiegefbbegpoeozhkiq/Build/Products/Debug-iphonesimulator/Realm.framework"; sourceTree = "<absolute>"; };
		A6B703941D4A574A00F754AD /* RealmSwift.framework */ = {isa = PBXFileReference; explicitFileType = wrapper.framework; name = RealmSwift.framework; path = "/Users/lukaszmatuszczak/Library/Developer/Xcode/DerivedData/ToDoList-agkasximuxiegefbbegpoeozhkiq/Build/Products/Debug-iphonesimulator/RealmSwift.framework"; sourceTree = "<absolute>"; };
		EC942C01B3C65DF23069A6B8 /* Pods.release.xcconfig */ = {isa = PBXFileReference; includeInIndex = 1; lastKnownFileType = text.xcconfig; name = Pods.release.xcconfig; path = "Pods/Target Support Files/Pods/Pods.release.xcconfig"; sourceTree = "<group>"; };
/* End PBXFileReference section */

/* Begin PBXFrameworksBuildPhase section */
		A6B703721D4A49C200F754AD /* Frameworks */ = {
			isa = PBXFrameworksBuildPhase;
			buildActionMask = 2147483647;
			files = (
				A6B703921D4A574A00F754AD /* Realm.framework in Frameworks */,
				A6B7038F1D4A574900F754AD /* Pods.framework in Frameworks */,
				A6B703951D4A574A00F754AD /* RealmSwift.framework in Frameworks */,
				65DAF605BFCDDDEC53927469 /* Pods.framework in Frameworks */,
			);
			runOnlyForDeploymentPostprocessing = 0;
		};
/* End PBXFrameworksBuildPhase section */

/* Begin PBXGroup section */
		3C83B059A9D7522DED44E5AF /* Pods */ = {
			isa = PBXGroup;
			children = (
				806E8738320D5C36FAEBB232 /* Pods.debug.xcconfig */,
				EC942C01B3C65DF23069A6B8 /* Pods.release.xcconfig */,
			);
			name = Pods;
			sourceTree = "<group>";
		};
		598AA53B3E0D784D9DCF9E08 /* Frameworks */ = {
			isa = PBXGroup;
			children = (
				92710363BE8F07AF96B37DD0 /* Pods.framework */,
			);
			name = Frameworks;
			sourceTree = "<group>";
		};
		A6B7036C1D4A49C100F754AD = {
			isa = PBXGroup;
			children = (
				A6B703941D4A574A00F754AD /* RealmSwift.framework */,
				A6B703911D4A574A00F754AD /* Realm.framework */,
				A6B7038E1D4A574900F754AD /* Pods.framework */,
				A6B703771D4A49C200F754AD /* ToDoList */,
				A6B703761D4A49C200F754AD /* Products */,
				3C83B059A9D7522DED44E5AF /* Pods */,
				598AA53B3E0D784D9DCF9E08 /* Frameworks */,
			);
			sourceTree = "<group>";
		};
		A6B703761D4A49C200F754AD /* Products */ = {
			isa = PBXGroup;
			children = (
				A6B703751D4A49C200F754AD /* ToDoList.app */,
			);
			name = Products;
			sourceTree = "<group>";
		};
		A6B703771D4A49C200F754AD /* ToDoList */ = {
			isa = PBXGroup;
			children = (
				A6B703781D4A49C200F754AD /* AppDelegate.swift */,
				A6B7038A1D4A4CD000F754AD /* toDoNameCell.swift */,
				A6B7037A1D4A49C200F754AD /* ViewController.swift */,
				A6B7037C1D4A49C200F754AD /* Main.storyboard */,
				A6B7037F1D4A49C200F754AD /* Assets.xcassets */,
				A6B703811D4A49C200F754AD /* LaunchScreen.storyboard */,
				A6B703841D4A49C200F754AD /* Info.plist */,
				A6B7038C1D4A557400F754AD /* Task.swift */,
			);
			path = ToDoList;
			sourceTree = "<group>";
		};
/* End PBXGroup section */

/* Begin PBXNativeTarget section */
		A6B703741D4A49C200F754AD /* ToDoList */ = {
			isa = PBXNativeTarget;
			buildConfigurationList = A6B703871D4A49C200F754AD /* Build configuration list for PBXNativeTarget "ToDoList" */;
			buildPhases = (
				85A76B523889C3E63F29E49B /* Check Pods Manifest.lock */,
				A6B703711D4A49C200F754AD /* Sources */,
				A6B703721D4A49C200F754AD /* Frameworks */,
				A6B703731D4A49C200F754AD /* Resources */,
				A470523580C226075B386AA2 /* Embed Pods Frameworks */,
				624D0A0E69805103A54F1110 /* Copy Pods Resources */,
				A6B703971D4A574A00F754AD /* Embed Frameworks */,
			);
			buildRules = (
			);
			dependencies = (
			);
			name = ToDoList;
			productName = ToDoList;
			productReference = A6B703751D4A49C200F754AD /* ToDoList.app */;
			productType = "com.apple.product-type.application";
		};
/* End PBXNativeTarget section */

/* Begin PBXProject section */
		A6B7036D1D4A49C200F754AD /* Project object */ = {
			isa = PBXProject;
			attributes = {
				LastSwiftUpdateCheck = 0730;
				LastUpgradeCheck = 0730;
				TargetAttributes = {
					A6B703741D4A49C200F754AD = {
						CreatedOnToolsVersion = 7.3.1;
					};
				};
			};
			buildConfigurationList = A6B703701D4A49C200F754AD /* Build configuration list for PBXProject "ToDoList" */;
			compatibilityVersion = "Xcode 3.2";
			developmentRegion = English;
			hasScannedForEncodings = 0;
			knownRegions = (
				en,
				Base,
			);
			mainGroup = A6B7036C1D4A49C100F754AD;
			productRefGroup = A6B703761D4A49C200F754AD /* Products */;
			projectDirPath = "";
			projectRoot = "";
			targets = (
				A6B703741D4A49C200F754AD /* ToDoList */,
			);
		};
/* End PBXProject section */

/* Begin PBXResourcesBuildPhase section */
		A6B703731D4A49C200F754AD /* Resources */ = {
			isa = PBXResourcesBuildPhase;
			buildActionMask = 2147483647;
			files = (
				A6B703831D4A49C200F754AD /* LaunchScreen.storyboard in Resources */,
				A6B703801D4A49C200F754AD /* Assets.xcassets in Resources */,
				A6B7037E1D4A49C200F754AD /* Main.storyboard in Resources */,
			);
			runOnlyForDeploymentPostprocessing = 0;
		};
/* End PBXResourcesBuildPhase section */

/* Begin PBXShellScriptBuildPhase section */
		624D0A0E69805103A54F1110 /* Copy Pods Resources */ = {
			isa = PBXShellScriptBuildPhase;
			buildActionMask = 2147483647;
			files = (
			);
			inputPaths = (
			);
			name = "Copy Pods Resources";
			outputPaths = (
			);
			runOnlyForDeploymentPostprocessing = 0;
			shellPath = /bin/sh;
			shellScript = "\"${SRCROOT}/Pods/Target Support Files/Pods/Pods-resources.sh\"\n";
			showEnvVarsInLog = 0;
		};
		85A76B523889C3E63F29E49B /* Check Pods Manifest.lock */ = {
			isa = PBXShellScriptBuildPhase;
			buildActionMask = 2147483647;
			files = (
			);
			inputPaths = (
			);
			name = "Check Pods Manifest.lock";
			outputPaths = (
			);
			runOnlyForDeploymentPostprocessing = 0;
			shellPath = /bin/sh;
			shellScript = "diff \"${PODS_ROOT}/../Podfile.lock\" \"${PODS_ROOT}/Manifest.lock\" > /dev/null\nif [[ $? != 0 ]] ; then\n    cat << EOM\nerror: The sandbox is not in sync with the Podfile.lock. Run 'pod install' or update your CocoaPods installation.\nEOM\n    exit 1\nfi\n";
			showEnvVarsInLog = 0;
		};
		A470523580C226075B386AA2 /* Embed Pods Frameworks */ = {
			isa = PBXShellScriptBuildPhase;
			buildActionMask = 2147483647;
			files = (
			);
			inputPaths = (
			);
			name = "Embed Pods Frameworks";
			outputPaths = (
			);
			runOnlyForDeploymentPostprocessing = 0;
			shellPath = /bin/sh;
			shellScript = "\"${SRCROOT}/Pods/Target Support Files/Pods/Pods-frameworks.sh\"\n";
			showEnvVarsInLog = 0;
		};
/* End PBXShellScriptBuildPhase section */

/* Begin PBXSourcesBuildPhase section */
		A6B703711D4A49C200F754AD /* Sources */ = {
			isa = PBXSourcesBuildPhase;
			buildActionMask = 2147483647;
			files = (
				A6B7038D1D4A557400F754AD /* Task.swift in Sources */,
				A6B7037B1D4A49C200F754AD /* ViewController.swift in Sources */,
				A6B7038B1D4A4CD000F754AD /* toDoNameCell.swift in Sources */,
				A6B703791D4A49C200F754AD /* AppDelegate.swift in Sources */,
			);
			runOnlyForDeploymentPostprocessing = 0;
		};
/* End PBXSourcesBuildPhase section */

/* Begin PBXVariantGroup section */
		A6B7037C1D4A49C200F754AD /* Main.storyboard */ = {
			isa = PBXVariantGroup;
			children = (
				A6B7037D1D4A49C200F754AD /* Base */,
			);
			name = Main.storyboard;
			sourceTree = "<group>";
		};
		A6B703811D4A49C200F754AD /* LaunchScreen.storyboard */ = {
			isa = PBXVariantGroup;
			children = (
				A6B703821D4A49C200F754AD /* Base */,
			);
			name = LaunchScreen.storyboard;
			sourceTree = "<group>";
		};
/* End PBXVariantGroup section */

/* Begin XCBuildConfiguration section */
		A6B703851D4A49C200F754AD /* Debug */ = {
			isa = XCBuildConfiguration;
			buildSettings = {
				ALWAYS_SEARCH_USER_PATHS = NO;
				CLANG_ANALYZER_NONNULL = YES;
				CLANG_CXX_LANGUAGE_STANDARD = "gnu++0x";
				CLANG_CXX_LIBRARY = "libc++";
				CLANG_ENABLE_MODULES = YES;
				CLANG_ENABLE_OBJC_ARC = YES;
				CLANG_WARN_BOOL_CONVERSION = YES;
				CLANG_WARN_CONSTANT_CONVERSION = YES;
				CLANG_WARN_DIRECT_OBJC_ISA_USAGE = YES_ERROR;
				CLANG_WARN_EMPTY_BODY = YES;
				CLANG_WARN_ENUM_CONVERSION = YES;
				CLANG_WARN_INT_CONVERSION = YES;
				CLANG_WARN_OBJC_ROOT_CLASS = YES_ERROR;
				CLANG_WARN_UNREACHABLE_CODE = YES;
				CLANG_WARN__DUPLICATE_METHOD_MATCH = YES;
				"CODE_SIGN_IDENTITY[sdk=iphoneos*]" = "iPhone Developer";
				COPY_PHASE_STRIP = NO;
				DEBUG_INFORMATION_FORMAT = dwarf;
				ENABLE_STRICT_OBJC_MSGSEND = YES;
				ENABLE_TESTABILITY = YES;
				GCC_C_LANGUAGE_STANDARD = gnu99;
				GCC_DYNAMIC_NO_PIC = NO;
				GCC_NO_COMMON_BLOCKS = YES;
				GCC_OPTIMIZATION_LEVEL = 0;
				GCC_PREPROCESSOR_DEFINITIONS = (
					"DEBUG=1",
					"$(inherited)",
				);
				GCC_WARN_64_TO_32_BIT_CONVERSION = YES;
				GCC_WARN_ABOUT_RETURN_TYPE = YES_ERROR;
				GCC_WARN_UNDECLARED_SELECTOR = YES;
				GCC_WARN_UNINITIALIZED_AUTOS = YES_AGGRESSIVE;
				GCC_WARN_UNUSED_FUNCTION = YES;
				GCC_WARN_UNUSED_VARIABLE = YES;
				IPHONEOS_DEPLOYMENT_TARGET = 9.3;
				MTL_ENABLE_DEBUG_INFO = YES;
				ONLY_ACTIVE_ARCH = YES;
				SDKROOT = iphoneos;
				SWIFT_OPTIMIZATION_LEVEL = "-Onone";
				TARGETED_DEVICE_FAMILY = "1,2";
			};
			name = Debug;
		};
		A6B703861D4A49C200F754AD /* Release */ = {
			isa = XCBuildConfiguration;
			buildSettings = {
				ALWAYS_SEARCH_USER_PATHS = NO;
				CLANG_ANALYZER_NONNULL = YES;
				CLANG_CXX_LANGUAGE_STANDARD = "gnu++0x";
				CLANG_CXX_LIBRARY = "libc++";
				CLANG_ENABLE_MODULES = YES;
				CLANG_ENABLE_OBJC_ARC = YES;
				CLANG_WARN_BOOL_CONVERSION = YES;
				CLANG_WARN_CONSTANT_CONVERSION = YES;
				CLANG_WARN_DIRECT_OBJC_ISA_USAGE = YES_ERROR;
				CLANG_WARN_EMPTY_BODY = YES;
				CLANG_WARN_ENUM_CONVERSION = YES;
				CLANG_WARN_INT_CONVERSION = YES;
				CLANG_WARN_OBJC_ROOT_CLASS = YES_ERROR;
				CLANG_WARN_UNREACHABLE_CODE = YES;
				CLANG_WARN__DUPLICATE_METHOD_MATCH = YES;
				"CODE_SIGN_IDENTITY[sdk=iphoneos*]" = "iPhone Developer";
				COPY_PHASE_STRIP = NO;
				DEBUG_INFORMATION_FORMAT = "dwarf-with-dsym";
				ENABLE_NS_ASSERTIONS = NO;
				ENABLE_STRICT_OBJC_MSGSEND = YES;
				GCC_C_LANGUAGE_STANDARD = gnu99;
				GCC_NO_COMMON_BLOCKS = YES;
				GCC_WARN_64_TO_32_BIT_CONVERSION = YES;
				GCC_WARN_ABOUT_RETURN_TYPE = YES_ERROR;
				GCC_WARN_UNDECLARED_SELECTOR = YES;
				GCC_WARN_UNINITIALIZED_AUTOS = YES_AGGRESSIVE;
				GCC_WARN_UNUSED_FUNCTION = YES;
				GCC_WARN_UNUSED_VARIABLE = YES;
				IPHONEOS_DEPLOYMENT_TARGET = 9.3;
				MTL_ENABLE_DEBUG_INFO = NO;
				SDKROOT = iphoneos;
				TARGETED_DEVICE_FAMILY = "1,2";
				VALIDATE_PRODUCT = YES;
			};
			name = Release;
		};
		A6B703881D4A49C200F754AD /* Debug */ = {
			isa = XCBuildConfiguration;
			baseConfigurationReference = 806E8738320D5C36FAEBB232 /* Pods.debug.xcconfig */;
			buildSettings = {
				ASSETCATALOG_COMPILER_APPICON_NAME = AppIcon;
				INFOPLIST_FILE = ToDoList/Info.plist;
				LD_RUNPATH_SEARCH_PATHS = "$(inherited) @executable_path/Frameworks";
				PRODUCT_BUNDLE_IDENTIFIER = com.ToDoList;
				PRODUCT_NAME = "$(TARGET_NAME)";
			};
			name = Debug;
		};
		A6B703891D4A49C200F754AD /* Release */ = {
			isa = XCBuildConfiguration;
			baseConfigurationReference = EC942C01B3C65DF23069A6B8 /* Pods.release.xcconfig */;
			buildSettings = {
				ASSETCATALOG_COMPILER_APPICON_NAME = AppIcon;
				INFOPLIST_FILE = ToDoList/Info.plist;
				LD_RUNPATH_SEARCH_PATHS = "$(inherited) @executable_path/Frameworks";
				PRODUCT_BUNDLE_IDENTIFIER = com.ToDoList;
				PRODUCT_NAME = "$(TARGET_NAME)";
			};
			name = Release;
		};
/* End XCBuildConfiguration section */

/* Begin XCConfigurationList section */
		A6B703701D4A49C200F754AD /* Build configuration list for PBXProject "ToDoList" */ = {
			isa = XCConfigurationList;
			buildConfigurations = (
				A6B703851D4A49C200F754AD /* Debug */,
				A6B703861D4A49C200F754AD /* Release */,
			);
			defaultConfigurationIsVisible = 0;
			defaultConfigurationName = Release;
		};
		A6B703871D4A49C200F754AD /* Build configuration list for PBXNativeTarget "ToDoList" */ = {
			isa = XCConfigurationList;
			buildConfigurations = (
				A6B703881D4A49C200F754AD /* Debug */,
				A6B703891D4A49C200F754AD /* Release */,
			);
			defaultConfigurationIsVisible = 0;
			defaultConfigurationName = Release;
		};
/* End XCConfigurationList section */
	};
	rootObject = A6B7036D1D4A49C200F754AD /* Project object */;
}
